
Microsoft Visual Studio Solution File, Format Version 12.00
# Visual Studio Version 17
VisualStudioVersion = 17.13.35818.85 d17.13
MinimumVisualStudioVersion = 10.0.40219.1
Project("{FAE04EC0-301F-11D3-BF4B-00C04F79EFBC}") = "Menu", "Menu\Menu.csproj", "{06BC2055-7832-46B9-BDE8-96A7DF8BD00B}"
EndProject
Global
	GlobalSection(SolutionConfigurationPlatforms) = preSolution
		Debug|Any CPU = Debug|Any CPU
		Release|Any CPU = Release|Any CPU
	EndGlobalSection
	GlobalSection(ProjectConfigurationPlatforms) = postSolution
		{06BC2055-7832-46B9-BDE8-96A7DF8BD00B}.Debug|Any CPU.ActiveCfg = Debug|Any CPU
		{06BC2055-7832-46B9-BDE8-96A7DF8BD00B}.Debug|Any CPU.Build.0 = Debug|Any CPU
		{06BC2055-7832-46B9-BDE8-96A7DF8BD00B}.Release|Any CPU.ActiveCfg = Release|Any CPU
		{06BC2055-7832-46B9-BDE8-96A7DF8BD00B}.Release|Any CPU.Build.0 = Release|Any CPU
	EndGlobalSection
	GlobalSection(SolutionProperties) = preSolution
		HideSolutionNode = FALSE
	EndGlobalSection
	GlobalSection(ExtensibilityGlobals) = postSolution
		SolutionGuid = {330155D1-3C24-42DC-9DD6-8FC3063CFC86}
	EndGlobalSection
EndGlobal
